PODS:
  - Alamofire (5.2.1)
  - AutoGraph (0.13.0):
    - Alamofire
    - JSONValueRX (~> 7.0.0)
  - JSONValueRX (7.0.0)
  - KeychainAccess (4.2.0)
  - Kingfisher (5.14.0):
    - Kingfisher/Core (= 5.14.0)
  - Kingfisher/Core (5.14.0)
  - RxAlamofire (5.3.2):
    - RxAlamofire/Core (= 5.3.2)
  - RxAlamofire/Core (5.3.2):
    - Alamofire (~> 5.1)
    - RxSwift (~> 5.1)
  - RxBlocking (5.1.1):
    - RxSwift (~> 5)
  - RxSwift (5.1.1)
  - RxTest (5.1.1):
    - RxSwift (~> 5)

DEPENDENCIES:
  - Alamofire
  - AutoGraph (from `https://github.com/farshadmb/AutoGraph.git`)
  - KeychainAccess
  - Kingfisher
  - RxAlamofire
  - RxBlocking
  - RxSwift
  - RxTest

SPEC REPOS:
  trunk:
    - Alamofire
    - JSONValueRX
    - KeychainAccess
    - Kingfisher
    - RxAlamofire
    - RxBlocking
    - RxSwift
    - RxTest

EXTERNAL SOURCES:
  AutoGraph:
    :git: https://github.com/farshadmb/AutoGraph.git

CHECKOUT OPTIONS:
  AutoGraph:
    :commit: fb63aa9f4fe1145866da9a0b115876916ab9bca8
    :git: https://github.com/farshadmb/AutoGraph.git

SPEC CHECKSUMS:
  Alamofire: e911732990610fe89af59ac0077f923d72dc3dfd
  AutoGraph: 0df8f926162204c30c0c34abc46a378643a41394
  JSONValueRX: ba7d7e7a2e4359d135e0b5bc3ad36a3acc67f030
  KeychainAccess: 3f760109aa99b05d0f231e28b22642da7153e38a
  Kingfisher: 7b64389a43139c903ec434788344c288217c792d
  RxAlamofire: 9234f30d94bfae9889c2aaba36358312083a7ad3
  RxBlocking: 5f700a78cad61ce253ebd37c9a39b5ccc76477b4
  RxSwift: 81470a2074fa8780320ea5fe4102807cb7118178
  RxTest: 711632d5644dffbeb62c936a521b5b008a1e1faa

PODFILE CHECKSUM: 8c8454106c69153332fa9e0d04ba52fb91fec444

COCOAPODS: 1.9.3
